
Microsoft Visual Studio Solution File, Format Version 12.00
# Visual Studio 15
VisualStudioVersion = 15.0.28307.136
MinimumVisualStudioVersion = 10.0.40219.1
Project("{FAE04EC0-301F-11D3-BF4B-00C04F79EFBC}") = "WpfTimer", "WpfTimer\WpfTimer.csproj", "{AE2E1B91-7683-4EF5-BAF5-2001ADC7D199}"
EndProject
Global
	GlobalSection(SolutionConfigurationPlatforms) = preSolution
		Debug|Any CPU = Debug|Any CPU
		Release|Any CPU = Release|Any CPU
	EndGlobalSection
	GlobalSection(ProjectConfigurationPlatforms) = postSolution
		{AE2E1B91-7683-4EF5-BAF5-2001ADC7D199}.Debug|Any CPU.ActiveCfg = Debug|Any CPU
		{AE2E1B91-7683-4EF5-BAF5-2001ADC7D199}.Debug|Any CPU.Build.0 = Debug|Any CPU
		{AE2E1B91-7683-4EF5-BAF5-2001ADC7D199}.Release|Any CPU.ActiveCfg = Release|Any CPU
		{AE2E1B91-7683-4EF5-BAF5-2001ADC7D199}.Release|Any CPU.Build.0 = Release|Any CPU
	EndGlobalSection
	GlobalSection(SolutionProperties) = preSolution
		HideSolutionNode = FALSE
	EndGlobalSection
	GlobalSection(ExtensibilityGlobals) = postSolution
		SolutionGuid = {5B20F7A6-A5DF-41C6-8600-666099E1BECD}
	EndGlobalSection
EndGlobal
